
Microsoft Visual Studio Solution File, Format Version 12.00
# Visual Studio Version 17
VisualStudioVersion = 17.1.32319.34
MinimumVisualStudioVersion = 10.0.40219.1
Project("{FAE04EC0-301F-11D3-BF4B-00C04F79EFBC}") = "form-sayitahminoyunu", "form-sayitahminoyunu\form-sayitahminoyunu.csproj", "{5BEDAF82-C0B8-44AC-88BA-6490F7FF00D8}"
EndProject
Global
	GlobalSection(SolutionConfigurationPlatforms) = preSolution
		Debug|Any CPU = Debug|Any CPU
		Release|Any CPU = Release|Any CPU
	EndGlobalSection
	GlobalSection(ProjectConfigurationPlatforms) = postSolution
		{5BEDAF82-C0B8-44AC-88BA-6490F7FF00D8}.Debug|Any CPU.ActiveCfg = Debug|Any CPU
		{5BEDAF82-C0B8-44AC-88BA-6490F7FF00D8}.Debug|Any CPU.Build.0 = Debug|Any CPU
		{5BEDAF82-C0B8-44AC-88BA-6490F7FF00D8}.Release|Any CPU.ActiveCfg = Release|Any CPU
		{5BEDAF82-C0B8-44AC-88BA-6490F7FF00D8}.Release|Any CPU.Build.0 = Release|Any CPU
	EndGlobalSection
	GlobalSection(SolutionProperties) = preSolution
		HideSolutionNode = FALSE
	EndGlobalSection
	GlobalSection(ExtensibilityGlobals) = postSolution
		SolutionGuid = {A4E11C63-78DB-468F-AC56-2BD4D6AB2BB5}
	EndGlobalSection
EndGlobal
